
Microsoft Visual Studio Solution File, Format Version 12.00
# Visual Studio Version 17
VisualStudioVersion = 17.11.35327.3
MinimumVisualStudioVersion = 10.0.40219.1
Project("{FAE04EC0-301F-11D3-BF4B-00C04F79EFBC}") = "info", "info\info.csproj", "{EC2D8862-39A3-48D2-A614-C47CFEA04EB1}"
EndProject
Global
	GlobalSection(SolutionConfigurationPlatforms) = preSolution
		Debug|Any CPU = Debug|Any CPU
		Release|Any CPU = Release|Any CPU
	EndGlobalSection
	GlobalSection(ProjectConfigurationPlatforms) = postSolution
		{EC2D8862-39A3-48D2-A614-C47CFEA04EB1}.Debug|Any CPU.ActiveCfg = Debug|Any CPU
		{EC2D8862-39A3-48D2-A614-C47CFEA04EB1}.Debug|Any CPU.Build.0 = Debug|Any CPU
		{EC2D8862-39A3-48D2-A614-C47CFEA04EB1}.Release|Any CPU.ActiveCfg = Release|Any CPU
		{EC2D8862-39A3-48D2-A614-C47CFEA04EB1}.Release|Any CPU.Build.0 = Release|Any CPU
	EndGlobalSection
	GlobalSection(SolutionProperties) = preSolution
		HideSolutionNode = FALSE
	EndGlobalSection
	GlobalSection(ExtensibilityGlobals) = postSolution
		SolutionGuid = {FA6BCA9B-A298-4987-BD33-4FCE4A7B8920}
	EndGlobalSection
EndGlobal
